// !$*UTF8*$!
{
	archiveVersion = 1;
	classes = {
	};
	objectVersion = 50;
	objects = {

/* Begin PBXBuildFile section */
		0E499D8127BAC6D500BDEEFE /* LoadImage.swift in Sources */ = {isa = PBXBuildFile; fileRef = 0E499D8027BAC6D500BDEEFE /* LoadImage.swift */; };
		0E75F3A827B42F7300C9E5B0 /* recipes.json in Resources */ = {isa = PBXBuildFile; fileRef = 0E75F3A727B42F7300C9E5B0 /* recipes.json */; };
		0E77F92C27BAC90D00187F93 /* ApiResponse.swift in Sources */ = {isa = PBXBuildFile; fileRef = 0E77F92B27BAC90D00187F93 /* ApiResponse.swift */; };
		0EB6FF0C27BD6ED70026E980 /* TVCGetAllRecipes.swift in Sources */ = {isa = PBXBuildFile; fileRef = 0EB6FF0B27BD6ED70026E980 /* TVCGetAllRecipes.swift */; };
		0EB6FF0D27BD6EDD0026E980 /* VCDetailRecipe.swift in Sources */ = {isa = PBXBuildFile; fileRef = 0EB6FF0927BD61460026E980 /* VCDetailRecipe.swift */; };
		0EB6FF0F27BD6EE00026E980 /* VCUpdateRecipe1.swift in Sources */ = {isa = PBXBuildFile; fileRef = 0EB6FF0E27BD6EE00026E980 /* VCUpdateRecipe1.swift */; };
		0EB6FF1327BD6EE50026E980 /* VCAddRecipe.swift in Sources */ = {isa = PBXBuildFile; fileRef = 0EB6FF1227BD6EE50026E980 /* VCAddRecipe.swift */; };
		3987340327BADBD00066F9E4 /* Sora-SemiBold.ttf in Resources */ = {isa = PBXBuildFile; fileRef = 3987340127BADBD00066F9E4 /* Sora-SemiBold.ttf */; };
		3987340427BADBD00066F9E4 /* Sora-Regular.ttf in Resources */ = {isa = PBXBuildFile; fileRef = 3987340227BADBD00066F9E4 /* Sora-Regular.ttf */; };
		3987340727BAE38F0066F9E4 /* VCFavorites.swift in Sources */ = {isa = PBXBuildFile; fileRef = 3987340627BAE38F0066F9E4 /* VCFavorites.swift */; };
		3987340A27BAE4C20066F9E4 /* themes.swift in Sources */ = {isa = PBXBuildFile; fileRef = 3987340927BAE4C20066F9E4 /* themes.swift */; };
		872971C527B9B36A001AE4E3 /* TVCHomeRow.swift in Sources */ = {isa = PBXBuildFile; fileRef = 872971C427B9B36A001AE4E3 /* TVCHomeRow.swift */; };
		872971C827B9B4B9001AE4E3 /* APIService.swift in Sources */ = {isa = PBXBuildFile; fileRef = 872971C727B9B4B9001AE4E3 /* APIService.swift */; };
		873A0AC727B93020006F15E9 /* RecipeModel.xcdatamodeld in Sources */ = {isa = PBXBuildFile; fileRef = 873A0AC527B93020006F15E9 /* RecipeModel.xcdatamodeld */; };
		873A0AD027B934FB006F15E9 /* Ingredients+CoreDataClass.swift in Sources */ = {isa = PBXBuildFile; fileRef = 873A0AC827B934FB006F15E9 /* Ingredients+CoreDataClass.swift */; };
		873A0AD127B934FB006F15E9 /* Ingredients+CoreDataProperties.swift in Sources */ = {isa = PBXBuildFile; fileRef = 873A0AC927B934FB006F15E9 /* Ingredients+CoreDataProperties.swift */; };
		873A0AD227B934FB006F15E9 /* Recipe+CoreDataClass.swift in Sources */ = {isa = PBXBuildFile; fileRef = 873A0ACA27B934FB006F15E9 /* Recipe+CoreDataClass.swift */; };
		873A0AD327B934FB006F15E9 /* Recipe+CoreDataProperties.swift in Sources */ = {isa = PBXBuildFile; fileRef = 873A0ACB27B934FB006F15E9 /* Recipe+CoreDataProperties.swift */; };
		873A0AD427B934FB006F15E9 /* Steps+CoreDataClass.swift in Sources */ = {isa = PBXBuildFile; fileRef = 873A0ACC27B934FB006F15E9 /* Steps+CoreDataClass.swift */; };
		873A0AD527B934FB006F15E9 /* Steps+CoreDataProperties.swift in Sources */ = {isa = PBXBuildFile; fileRef = 873A0ACD27B934FB006F15E9 /* Steps+CoreDataProperties.swift */; };
		873A0AD627B934FB006F15E9 /* Tags+CoreDataClass.swift in Sources */ = {isa = PBXBuildFile; fileRef = 873A0ACE27B934FB006F15E9 /* Tags+CoreDataClass.swift */; };
		873A0AD727B934FB006F15E9 /* Tags+CoreDataProperties.swift in Sources */ = {isa = PBXBuildFile; fileRef = 873A0ACF27B934FB006F15E9 /* Tags+CoreDataProperties.swift */; };
		873A0AD927B936B1006F15E9 /* CoreDataManager.swift in Sources */ = {isa = PBXBuildFile; fileRef = 873A0AD827B936B1006F15E9 /* CoreDataManager.swift */; };
		873A0ADD27B945CA006F15E9 /* VCHome.swift in Sources */ = {isa = PBXBuildFile; fileRef = 873A0ADC27B945CA006F15E9 /* VCHome.swift */; };
		87B53B6227B9947E0044D4A5 /* CVCHome.swift in Sources */ = {isa = PBXBuildFile; fileRef = 87B53B6127B9947E0044D4A5 /* CVCHome.swift */; };
		A23D170627B293C200AC4DA8 /* AppDelegate.swift in Sources */ = {isa = PBXBuildFile; fileRef = A23D170527B293C200AC4DA8 /* AppDelegate.swift */; };
		A23D170827B293C200AC4DA8 /* SceneDelegate.swift in Sources */ = {isa = PBXBuildFile; fileRef = A23D170727B293C200AC4DA8 /* SceneDelegate.swift */; };
		A23D170D27B293C200AC4DA8 /* Main.storyboard in Resources */ = {isa = PBXBuildFile; fileRef = A23D170B27B293C200AC4DA8 /* Main.storyboard */; };
		A23D170F27B293C200AC4DA8 /* Assets.xcassets in Resources */ = {isa = PBXBuildFile; fileRef = A23D170E27B293C200AC4DA8 /* Assets.xcassets */; };
		A23D171227B293C200AC4DA8 /* LaunchScreen.storyboard in Resources */ = {isa = PBXBuildFile; fileRef = A23D171027B293C200AC4DA8 /* LaunchScreen.storyboard */; };
/* End PBXBuildFile section */

/* Begin PBXFileReference section */
		0E499D8027BAC6D500BDEEFE /* LoadImage.swift */ = {isa = PBXFileReference; lastKnownFileType = sourcecode.swift; path = LoadImage.swift; sourceTree = "<group>"; };
		0E75F3A727B42F7300C9E5B0 /* recipes.json */ = {isa = PBXFileReference; fileEncoding = 4; lastKnownFileType = text.json; path = recipes.json; sourceTree = "<group>"; };
		0E77F92B27BAC90D00187F93 /* ApiResponse.swift */ = {isa = PBXFileReference; lastKnownFileType = sourcecode.swift; path = ApiResponse.swift; sourceTree = "<group>"; };
		0EB6FF0927BD61460026E980 /* VCDetailRecipe.swift */ = {isa = PBXFileReference; lastKnownFileType = sourcecode.swift; path = VCDetailRecipe.swift; sourceTree = "<group>"; };
		0EB6FF0B27BD6ED70026E980 /* TVCGetAllRecipes.swift */ = {isa = PBXFileReference; lastKnownFileType = sourcecode.swift; path = TVCGetAllRecipes.swift; sourceTree = "<group>"; };
		0EB6FF0E27BD6EE00026E980 /* VCUpdateRecipe1.swift */ = {isa = PBXFileReference; lastKnownFileType = sourcecode.swift; path = VCUpdateRecipe1.swift; sourceTree = "<group>"; };
		0EB6FF1227BD6EE50026E980 /* VCAddRecipe.swift */ = {isa = PBXFileReference; lastKnownFileType = sourcecode.swift; path = VCAddRecipe.swift; sourceTree = "<group>"; };
		3987340127BADBD00066F9E4 /* Sora-SemiBold.ttf */ = {isa = PBXFileReference; lastKnownFileType = file; path = "Sora-SemiBold.ttf"; sourceTree = "<group>"; };
		3987340227BADBD00066F9E4 /* Sora-Regular.ttf */ = {isa = PBXFileReference; lastKnownFileType = file; path = "Sora-Regular.ttf"; sourceTree = "<group>"; };
		3987340627BAE38F0066F9E4 /* VCFavorites.swift */ = {isa = PBXFileReference; lastKnownFileType = sourcecode.swift; path = VCFavorites.swift; sourceTree = "<group>"; };
		3987340927BAE4C20066F9E4 /* themes.swift */ = {isa = PBXFileReference; lastKnownFileType = sourcecode.swift; path = themes.swift; sourceTree = "<group>"; };
		872971C427B9B36A001AE4E3 /* TVCHomeRow.swift */ = {isa = PBXFileReference; lastKnownFileType = sourcecode.swift; path = TVCHomeRow.swift; sourceTree = "<group>"; };
		872971C727B9B4B9001AE4E3 /* APIService.swift */ = {isa = PBXFileReference; lastKnownFileType = sourcecode.swift; path = APIService.swift; sourceTree = "<group>"; };
		873A0AC627B93020006F15E9 /* RecipeModel.xcdatamodel */ = {isa = PBXFileReference; lastKnownFileType = wrapper.xcdatamodel; path = RecipeModel.xcdatamodel; sourceTree = "<group>"; };
		873A0AC827B934FB006F15E9 /* Ingredients+CoreDataClass.swift */ = {isa = PBXFileReference; lastKnownFileType = sourcecode.swift; path = "Ingredients+CoreDataClass.swift"; sourceTree = "<group>"; };
		873A0AC927B934FB006F15E9 /* Ingredients+CoreDataProperties.swift */ = {isa = PBXFileReference; lastKnownFileType = sourcecode.swift; path = "Ingredients+CoreDataProperties.swift"; sourceTree = "<group>"; };
		873A0ACA27B934FB006F15E9 /* Recipe+CoreDataClass.swift */ = {isa = PBXFileReference; lastKnownFileType = sourcecode.swift; path = "Recipe+CoreDataClass.swift"; sourceTree = "<group>"; };
		873A0ACB27B934FB006F15E9 /* Recipe+CoreDataProperties.swift */ = {isa = PBXFileReference; lastKnownFileType = sourcecode.swift; path = "Recipe+CoreDataProperties.swift"; sourceTree = "<group>"; };
		873A0ACC27B934FB006F15E9 /* Steps+CoreDataClass.swift */ = {isa = PBXFileReference; lastKnownFileType = sourcecode.swift; path = "Steps+CoreDataClass.swift"; sourceTree = "<group>"; };
		873A0ACD27B934FB006F15E9 /* Steps+CoreDataProperties.swift */ = {isa = PBXFileReference; lastKnownFileType = sourcecode.swift; path = "Steps+CoreDataProperties.swift"; sourceTree = "<group>"; };
		873A0ACE27B934FB006F15E9 /* Tags+CoreDataClass.swift */ = {isa = PBXFileReference; lastKnownFileType = sourcecode.swift; path = "Tags+CoreDataClass.swift"; sourceTree = "<group>"; };
		873A0ACF27B934FB006F15E9 /* Tags+CoreDataProperties.swift */ = {isa = PBXFileReference; lastKnownFileType = sourcecode.swift; path = "Tags+CoreDataProperties.swift"; sourceTree = "<group>"; };
		873A0AD827B936B1006F15E9 /* CoreDataManager.swift */ = {isa = PBXFileReference; lastKnownFileType = sourcecode.swift; path = CoreDataManager.swift; sourceTree = "<group>"; };
		873A0ADC27B945CA006F15E9 /* VCHome.swift */ = {isa = PBXFileReference; lastKnownFileType = sourcecode.swift; path = VCHome.swift; sourceTree = "<group>"; };
		87B53B6127B9947E0044D4A5 /* CVCHome.swift */ = {isa = PBXFileReference; lastKnownFileType = sourcecode.swift; path = CVCHome.swift; sourceTree = "<group>"; };
		A23D170227B293C200AC4DA8 /* IslandCook.app */ = {isa = PBXFileReference; explicitFileType = wrapper.application; includeInIndex = 0; path = IslandCook.app; sourceTree = BUILT_PRODUCTS_DIR; };
		A23D170527B293C200AC4DA8 /* AppDelegate.swift */ = {isa = PBXFileReference; lastKnownFileType = sourcecode.swift; path = AppDelegate.swift; sourceTree = "<group>"; };
		A23D170727B293C200AC4DA8 /* SceneDelegate.swift */ = {isa = PBXFileReference; lastKnownFileType = sourcecode.swift; path = SceneDelegate.swift; sourceTree = "<group>"; };
		A23D170C27B293C200AC4DA8 /* Base */ = {isa = PBXFileReference; lastKnownFileType = file.storyboard; name = Base; path = Base.lproj/Main.storyboard; sourceTree = "<group>"; };
		A23D170E27B293C200AC4DA8 /* Assets.xcassets */ = {isa = PBXFileReference; lastKnownFileType = folder.assetcatalog; path = Assets.xcassets; sourceTree = "<group>"; };
		A23D171127B293C200AC4DA8 /* Base */ = {isa = PBXFileReference; lastKnownFileType = file.storyboard; name = Base; path = Base.lproj/LaunchScreen.storyboard; sourceTree = "<group>"; };
		A23D171327B293C200AC4DA8 /* Info.plist */ = {isa = PBXFileReference; lastKnownFileType = text.plist.xml; path = Info.plist; sourceTree = "<group>"; };
/* End PBXFileReference section */

/* Begin PBXFrameworksBuildPhase section */
		A23D16FF27B293C200AC4DA8 /* Frameworks */ = {
			isa = PBXFrameworksBuildPhase;
			buildActionMask = 2147483647;
			files = (
			);
			runOnlyForDeploymentPostprocessing = 0;
		};
/* End PBXFrameworksBuildPhase section */

/* Begin PBXGroup section */
		0EB6FF0827BD61460026E980 /* DetailRecipies */ = {
			isa = PBXGroup;
			children = (
				0EB6FF0927BD61460026E980 /* VCDetailRecipe.swift */,
			);
			path = DetailRecipies;
			sourceTree = "<group>";
		};
		0EB6FF1627BD6F960026E980 /* GetRecipies */ = {
			isa = PBXGroup;
			children = (
				0EB6FF0B27BD6ED70026E980 /* TVCGetAllRecipes.swift */,
			);
			path = GetRecipies;
			sourceTree = "<group>";
		};
		0EB6FF1727BD6FA50026E980 /* UpdateRecipies */ = {
			isa = PBXGroup;
			children = (
				0EB6FF0E27BD6EE00026E980 /* VCUpdateRecipe1.swift */,
			);
			path = UpdateRecipies;
			sourceTree = "<group>";
		};
		0EB6FF1827BD6FC30026E980 /* AddRecipe */ = {
			isa = PBXGroup;
			children = (
				0EB6FF1227BD6EE50026E980 /* VCAddRecipe.swift */,
			);
			path = AddRecipe;
			sourceTree = "<group>";
		};
		398733FF27BAD9910066F9E4 /* Resources */ = {
			isa = PBXGroup;
			children = (
				3987340027BAD9A10066F9E4 /* Fonts */,
			);
			path = Resources;
			sourceTree = "<group>";
		};
		3987340027BAD9A10066F9E4 /* Fonts */ = {
			isa = PBXGroup;
			children = (
				3987340227BADBD00066F9E4 /* Sora-Regular.ttf */,
				3987340127BADBD00066F9E4 /* Sora-SemiBold.ttf */,
			);
			path = Fonts;
			sourceTree = "<group>";
		};
		3987340527BAE35B0066F9E4 /* Favorites */ = {
			isa = PBXGroup;
			children = (
				3987340627BAE38F0066F9E4 /* VCFavorites.swift */,
			);
			path = Favorites;
			sourceTree = "<group>";
		};
		3987340827BAE4740066F9E4 /* Extensions */ = {
			isa = PBXGroup;
			children = (
				3987340927BAE4C20066F9E4 /* themes.swift */,
			);
			name = Extensions;
			path = ../Extensions;
			sourceTree = "<group>";
		};
		872971C627B9B47E001AE4E3 /* API */ = {
			isa = PBXGroup;
			children = (
				873B313F27BAD9A7009C6F7B /* Model */,
				872971C727B9B4B9001AE4E3 /* APIService.swift */,
			);
			path = API;
			sourceTree = "<group>";
		};
		873A0AC227B92F62006F15E9 /* Provider */ = {
			isa = PBXGroup;
			children = (
				872971C627B9B47E001AE4E3 /* API */,
				873A0AC327B92F6D006F15E9 /* DataBase */,
			);
			path = Provider;
			sourceTree = "<group>";
		};
		873A0AC327B92F6D006F15E9 /* DataBase */ = {
			isa = PBXGroup;
			children = (
				873A0AD827B936B1006F15E9 /* CoreDataManager.swift */,
				873A0AC527B93020006F15E9 /* RecipeModel.xcdatamodeld */,
				873A0AC427B92FDF006F15E9 /* Entities */,
			);
			path = DataBase;
			sourceTree = "<group>";
		};
		873A0AC427B92FDF006F15E9 /* Entities */ = {
			isa = PBXGroup;
			children = (
				873A0AC827B934FB006F15E9 /* Ingredients+CoreDataClass.swift */,
				873A0AC927B934FB006F15E9 /* Ingredients+CoreDataProperties.swift */,
				873A0ACA27B934FB006F15E9 /* Recipe+CoreDataClass.swift */,
				873A0ACB27B934FB006F15E9 /* Recipe+CoreDataProperties.swift */,
				873A0ACC27B934FB006F15E9 /* Steps+CoreDataClass.swift */,
				873A0ACD27B934FB006F15E9 /* Steps+CoreDataProperties.swift */,
				873A0ACE27B934FB006F15E9 /* Tags+CoreDataClass.swift */,
				873A0ACF27B934FB006F15E9 /* Tags+CoreDataProperties.swift */,
			);
			path = Entities;
			sourceTree = "<group>";
		};
		873A0ADB27B94580006F15E9 /* Home */ = {
			isa = PBXGroup;
			children = (
				873A0ADC27B945CA006F15E9 /* VCHome.swift */,
				87B53B6127B9947E0044D4A5 /* CVCHome.swift */,
				872971C427B9B36A001AE4E3 /* TVCHomeRow.swift */,
			);
			path = Home;
			sourceTree = "<group>";
		};
		873B313E27BAD988009C6F7B /* Utils */ = {
			isa = PBXGroup;
			children = (
				0E499D8027BAC6D500BDEEFE /* LoadImage.swift */,
			);
			path = Utils;
			sourceTree = "<group>";
		};
		873B313F27BAD9A7009C6F7B /* Model */ = {
			isa = PBXGroup;
			children = (
				0E77F92B27BAC90D00187F93 /* ApiResponse.swift */,
			);
			path = Model;
			sourceTree = "<group>";
		};
		A22A84C227B3F74E004DCAC8 /* UseCases */ = {
			isa = PBXGroup;
			children = (
				0EB6FF1827BD6FC30026E980 /* AddRecipe */,
				0EB6FF1727BD6FA50026E980 /* UpdateRecipies */,
				0EB6FF1627BD6F960026E980 /* GetRecipies */,
				0EB6FF0827BD61460026E980 /* DetailRecipies */,
				3987340527BAE35B0066F9E4 /* Favorites */,
				873A0ADB27B94580006F15E9 /* Home */,
				A22A84C327B3F75C004DCAC8 /* Launch */,
			);
			path = UseCases;
			sourceTree = "<group>";
		};
		A22A84C327B3F75C004DCAC8 /* Launch */ = {
			isa = PBXGroup;
			children = (
				A23D171027B293C200AC4DA8 /* LaunchScreen.storyboard */,
			);
			path = Launch;
			sourceTree = "<group>";
		};
		A23D16F927B293C200AC4DA8 = {
			isa = PBXGroup;
			children = (
				A23D170427B293C200AC4DA8 /* IslandCook */,
				A23D170327B293C200AC4DA8 /* Products */,
			);
			sourceTree = "<group>";
		};
		A23D170327B293C200AC4DA8 /* Products */ = {
			isa = PBXGroup;
			children = (
				A23D170227B293C200AC4DA8 /* IslandCook.app */,
			);
			name = Products;
			sourceTree = "<group>";
		};
		A23D170427B293C200AC4DA8 /* IslandCook */ = {
			isa = PBXGroup;
			children = (
				3987340827BAE4740066F9E4 /* Extensions */,
				398733FF27BAD9910066F9E4 /* Resources */,
				873A0AC227B92F62006F15E9 /* Provider */,
				A22A84C227B3F74E004DCAC8 /* UseCases */,
				873B313E27BAD988009C6F7B /* Utils */,
				A23D170527B293C200AC4DA8 /* AppDelegate.swift */,
				0E75F3A727B42F7300C9E5B0 /* recipes.json */,
				A23D170727B293C200AC4DA8 /* SceneDelegate.swift */,
				A23D170B27B293C200AC4DA8 /* Main.storyboard */,
				A23D170E27B293C200AC4DA8 /* Assets.xcassets */,
				A23D171327B293C200AC4DA8 /* Info.plist */,
			);
			path = IslandCook;
			sourceTree = "<group>";
		};
/* End PBXGroup section */

/* Begin PBXNativeTarget section */
		A23D170127B293C200AC4DA8 /* IslandCook */ = {
			isa = PBXNativeTarget;
			buildConfigurationList = A23D171627B293C200AC4DA8 /* Build configuration list for PBXNativeTarget "IslandCook" */;
			buildPhases = (
				A23D16FE27B293C200AC4DA8 /* Sources */,
				A23D16FF27B293C200AC4DA8 /* Frameworks */,
				A23D170027B293C200AC4DA8 /* Resources */,
			);
			buildRules = (
			);
			dependencies = (
			);
			name = IslandCook;
			productName = IslandCook;
			productReference = A23D170227B293C200AC4DA8 /* IslandCook.app */;
			productType = "com.apple.product-type.application";
		};
/* End PBXNativeTarget section */

/* Begin PBXProject section */
		A23D16FA27B293C200AC4DA8 /* Project object */ = {
			isa = PBXProject;
			attributes = {
				LastSwiftUpdateCheck = 1240;
				LastUpgradeCheck = 1240;
				TargetAttributes = {
					A23D170127B293C200AC4DA8 = {
						CreatedOnToolsVersion = 12.4;
					};
				};
			};
			buildConfigurationList = A23D16FD27B293C200AC4DA8 /* Build configuration list for PBXProject "IslandCook" */;
			compatibilityVersion = "Xcode 9.3";
			developmentRegion = en;
			hasScannedForEncodings = 0;
			knownRegions = (
				en,
				Base,
			);
			mainGroup = A23D16F927B293C200AC4DA8;
			productRefGroup = A23D170327B293C200AC4DA8 /* Products */;
			projectDirPath = "";
			projectRoot = "";
			targets = (
				A23D170127B293C200AC4DA8 /* IslandCook */,
			);
		};
/* End PBXProject section */

/* Begin PBXResourcesBuildPhase section */
		A23D170027B293C200AC4DA8 /* Resources */ = {
			isa = PBXResourcesBuildPhase;
			buildActionMask = 2147483647;
			files = (
				0E75F3A827B42F7300C9E5B0 /* recipes.json in Resources */,
				A23D171227B293C200AC4DA8 /* LaunchScreen.storyboard in Resources */,
				A23D170F27B293C200AC4DA8 /* Assets.xcassets in Resources */,
				A23D170D27B293C200AC4DA8 /* Main.storyboard in Resources */,
				3987340427BADBD00066F9E4 /* Sora-Regular.ttf in Resources */,
				3987340327BADBD00066F9E4 /* Sora-SemiBold.ttf in Resources */,
			);
			runOnlyForDeploymentPostprocessing = 0;
		};
/* End PBXResourcesBuildPhase section */

/* Begin PBXSourcesBuildPhase section */
		A23D16FE27B293C200AC4DA8 /* Sources */ = {
			isa = PBXSourcesBuildPhase;
			buildActionMask = 2147483647;
			files = (
				87B53B6227B9947E0044D4A5 /* CVCHome.swift in Sources */,
				872971C827B9B4B9001AE4E3 /* APIService.swift in Sources */,
				873A0AD627B934FB006F15E9 /* Tags+CoreDataClass.swift in Sources */,
				873A0AD727B934FB006F15E9 /* Tags+CoreDataProperties.swift in Sources */,
				0EB6FF0F27BD6EE00026E980 /* VCUpdateRecipe1.swift in Sources */,
				3987340A27BAE4C20066F9E4 /* themes.swift in Sources */,
				873A0ADD27B945CA006F15E9 /* VCHome.swift in Sources */,
				0EB6FF0C27BD6ED70026E980 /* TVCGetAllRecipes.swift in Sources */,
				873A0AC727B93020006F15E9 /* RecipeModel.xcdatamodeld in Sources */,
				873A0AD927B936B1006F15E9 /* CoreDataManager.swift in Sources */,
				A23D170627B293C200AC4DA8 /* AppDelegate.swift in Sources */,
				872971C527B9B36A001AE4E3 /* TVCHomeRow.swift in Sources */,
				0E77F92C27BAC90D00187F93 /* ApiResponse.swift in Sources */,
				873A0AD227B934FB006F15E9 /* Recipe+CoreDataClass.swift in Sources */,
				0EB6FF1327BD6EE50026E980 /* VCAddRecipe.swift in Sources */,
				873A0AD027B934FB006F15E9 /* Ingredients+CoreDataClass.swift in Sources */,
				0E499D8127BAC6D500BDEEFE /* LoadImage.swift in Sources */,
				A23D170827B293C200AC4DA8 /* SceneDelegate.swift in Sources */,
				873A0AD527B934FB006F15E9 /* Steps+CoreDataProperties.swift in Sources */,
				873A0AD327B934FB006F15E9 /* Recipe+CoreDataProperties.swift in Sources */,
				0EB6FF0D27BD6EDD0026E980 /* VCDetailRecipe.swift in Sources */,
				3987340727BAE38F0066F9E4 /* VCFavorites.swift in Sources */,
				873A0AD427B934FB006F15E9 /* Steps+CoreDataClass.swift in Sources */,
				873A0AD127B934FB006F15E9 /* Ingredients+CoreDataProperties.swift in Sources */,
			);
			runOnlyForDeploymentPostprocessing = 0;
		};
/* End PBXSourcesBuildPhase section */

/* Begin PBXVariantGroup section */
		A23D170B27B293C200AC4DA8 /* Main.storyboard */ = {
			isa = PBXVariantGroup;
			children = (
				A23D170C27B293C200AC4DA8 /* Base */,
			);
			name = Main.storyboard;
			sourceTree = "<group>";
		};
		A23D171027B293C200AC4DA8 /* LaunchScreen.storyboard */ = {
			isa = PBXVariantGroup;
			children = (
				A23D171127B293C200AC4DA8 /* Base */,
			);
			name = LaunchScreen.storyboard;
			sourceTree = "<group>";
		};
/* End PBXVariantGroup section */

/* Begin XCBuildConfiguration section */
		A23D171427B293C200AC4DA8 /* Debug */ = {
			isa = XCBuildConfiguration;
			buildSettings = {
				ALWAYS_SEARCH_USER_PATHS = NO;
				CLANG_ANALYZER_NONNULL = YES;
				CLANG_ANALYZER_NUMBER_OBJECT_CONVERSION = YES_AGGRESSIVE;
				CLANG_CXX_LANGUAGE_STANDARD = "gnu++14";
				CLANG_CXX_LIBRARY = "libc++";
				CLANG_ENABLE_MODULES = YES;
				CLANG_ENABLE_OBJC_ARC = YES;
				CLANG_ENABLE_OBJC_WEAK = YES;
				CLANG_WARN_BLOCK_CAPTURE_AUTORELEASING = YES;
				CLANG_WARN_BOOL_CONVERSION = YES;
				CLANG_WARN_COMMA = YES;
				CLANG_WARN_CONSTANT_CONVERSION = YES;
				CLANG_WARN_DEPRECATED_OBJC_IMPLEMENTATIONS = YES;
				CLANG_WARN_DIRECT_OBJC_ISA_USAGE = YES_ERROR;
				CLANG_WARN_DOCUMENTATION_COMMENTS = YES;
				CLANG_WARN_EMPTY_BODY = YES;
				CLANG_WARN_ENUM_CONVERSION = YES;
				CLANG_WARN_INFINITE_RECURSION = YES;
				CLANG_WARN_INT_CONVERSION = YES;
				CLANG_WARN_NON_LITERAL_NULL_CONVERSION = YES;
				CLANG_WARN_OBJC_IMPLICIT_RETAIN_SELF = YES;
				CLANG_WARN_OBJC_LITERAL_CONVERSION = YES;
				CLANG_WARN_OBJC_ROOT_CLASS = YES_ERROR;
				CLANG_WARN_QUOTED_INCLUDE_IN_FRAMEWORK_HEADER = YES;
				CLANG_WARN_RANGE_LOOP_ANALYSIS = YES;
				CLANG_WARN_STRICT_PROTOTYPES = YES;
				CLANG_WARN_SUSPICIOUS_MOVE = YES;
				CLANG_WARN_UNGUARDED_AVAILABILITY = YES_AGGRESSIVE;
				CLANG_WARN_UNREACHABLE_CODE = YES;
				CLANG_WARN__DUPLICATE_METHOD_MATCH = YES;
				COPY_PHASE_STRIP = NO;
				DEBUG_INFORMATION_FORMAT = dwarf;
				ENABLE_STRICT_OBJC_MSGSEND = YES;
				ENABLE_TESTABILITY = YES;
				GCC_C_LANGUAGE_STANDARD = gnu11;
				GCC_DYNAMIC_NO_PIC = NO;
				GCC_NO_COMMON_BLOCKS = YES;
				GCC_OPTIMIZATION_LEVEL = 0;
				GCC_PREPROCESSOR_DEFINITIONS = (
					"DEBUG=1",
					"$(inherited)",
				);
				GCC_WARN_64_TO_32_BIT_CONVERSION = YES;
				GCC_WARN_ABOUT_RETURN_TYPE = YES_ERROR;
				GCC_WARN_UNDECLARED_SELECTOR = YES;
				GCC_WARN_UNINITIALIZED_AUTOS = YES_AGGRESSIVE;
				GCC_WARN_UNUSED_FUNCTION = YES;
				GCC_WARN_UNUSED_VARIABLE = YES;
				IPHONEOS_DEPLOYMENT_TARGET = 14.4;
				MTL_ENABLE_DEBUG_INFO = INCLUDE_SOURCE;
				MTL_FAST_MATH = YES;
				ONLY_ACTIVE_ARCH = YES;
				SDKROOT = iphoneos;
				SWIFT_ACTIVE_COMPILATION_CONDITIONS = DEBUG;
				SWIFT_OPTIMIZATION_LEVEL = "-Onone";
			};
			name = Debug;
		};
		A23D171527B293C200AC4DA8 /* Release */ = {
			isa = XCBuildConfiguration;
			buildSettings = {
				ALWAYS_SEARCH_USER_PATHS = NO;
				CLANG_ANALYZER_NONNULL = YES;
				CLANG_ANALYZER_NUMBER_OBJECT_CONVERSION = YES_AGGRESSIVE;
				CLANG_CXX_LANGUAGE_STANDARD = "gnu++14";
				CLANG_CXX_LIBRARY = "libc++";
				CLANG_ENABLE_MODULES = YES;
				CLANG_ENABLE_OBJC_ARC = YES;
				CLANG_ENABLE_OBJC_WEAK = YES;
				CLANG_WARN_BLOCK_CAPTURE_AUTORELEASING = YES;
				CLANG_WARN_BOOL_CONVERSION = YES;
				CLANG_WARN_COMMA = YES;
				CLANG_WARN_CONSTANT_CONVERSION = YES;
				CLANG_WARN_DEPRECATED_OBJC_IMPLEMENTATIONS = YES;
				CLANG_WARN_DIRECT_OBJC_ISA_USAGE = YES_ERROR;
				CLANG_WARN_DOCUMENTATION_COMMENTS = YES;
				CLANG_WARN_EMPTY_BODY = YES;
				CLANG_WARN_ENUM_CONVERSION = YES;
				CLANG_WARN_INFINITE_RECURSION = YES;
				CLANG_WARN_INT_CONVERSION = YES;
				CLANG_WARN_NON_LITERAL_NULL_CONVERSION = YES;
				CLANG_WARN_OBJC_IMPLICIT_RETAIN_SELF = YES;
				CLANG_WARN_OBJC_LITERAL_CONVERSION = YES;
				CLANG_WARN_OBJC_ROOT_CLASS = YES_ERROR;
				CLANG_WARN_QUOTED_INCLUDE_IN_FRAMEWORK_HEADER = YES;
				CLANG_WARN_RANGE_LOOP_ANALYSIS = YES;
				CLANG_WARN_STRICT_PROTOTYPES = YES;
				CLANG_WARN_SUSPICIOUS_MOVE = YES;
				CLANG_WARN_UNGUARDED_AVAILABILITY = YES_AGGRESSIVE;
				CLANG_WARN_UNREACHABLE_CODE = YES;
				CLANG_WARN__DUPLICATE_METHOD_MATCH = YES;
				COPY_PHASE_STRIP = NO;
				DEBUG_INFORMATION_FORMAT = "dwarf-with-dsym";
				ENABLE_NS_ASSERTIONS = NO;
				ENABLE_STRICT_OBJC_MSGSEND = YES;
				GCC_C_LANGUAGE_STANDARD = gnu11;
				GCC_NO_COMMON_BLOCKS = YES;
				GCC_WARN_64_TO_32_BIT_CONVERSION = YES;
				GCC_WARN_ABOUT_RETURN_TYPE = YES_ERROR;
				GCC_WARN_UNDECLARED_SELECTOR = YES;
				GCC_WARN_UNINITIALIZED_AUTOS = YES_AGGRESSIVE;
				GCC_WARN_UNUSED_FUNCTION = YES;
				GCC_WARN_UNUSED_VARIABLE = YES;
				IPHONEOS_DEPLOYMENT_TARGET = 14.4;
				MTL_ENABLE_DEBUG_INFO = NO;
				MTL_FAST_MATH = YES;
				SDKROOT = iphoneos;
				SWIFT_COMPILATION_MODE = wholemodule;
				SWIFT_OPTIMIZATION_LEVEL = "-O";
				VALIDATE_PRODUCT = YES;
			};
			name = Release;
		};
		A23D171727B293C200AC4DA8 /* Debug */ = {
			isa = XCBuildConfiguration;
			buildSettings = {
				ASSETCATALOG_COMPILER_APPICON_NAME = AppIcon;
				ASSETCATALOG_COMPILER_GLOBAL_ACCENT_COLOR_NAME = AccentColor;
				CODE_SIGN_STYLE = Automatic;
				INFOPLIST_FILE = IslandCook/Info.plist;
				LD_RUNPATH_SEARCH_PATHS = (
					"$(inherited)",
					"@executable_path/Frameworks",
				);
				PRODUCT_BUNDLE_IDENTIFIER = "u-tad.IslandCook";
				PRODUCT_NAME = "$(TARGET_NAME)";
				SWIFT_VERSION = 5.0;
				TARGETED_DEVICE_FAMILY = "1,2";
			};
			name = Debug;
		};
		A23D171827B293C200AC4DA8 /* Release */ = {
			isa = XCBuildConfiguration;
			buildSettings = {
				ASSETCATALOG_COMPILER_APPICON_NAME = AppIcon;
				ASSETCATALOG_COMPILER_GLOBAL_ACCENT_COLOR_NAME = AccentColor;
				CODE_SIGN_STYLE = Automatic;
				INFOPLIST_FILE = IslandCook/Info.plist;
				LD_RUNPATH_SEARCH_PATHS = (
					"$(inherited)",
					"@executable_path/Frameworks",
				);
				PRODUCT_BUNDLE_IDENTIFIER = "u-tad.IslandCook";
				PRODUCT_NAME = "$(TARGET_NAME)";
				SWIFT_VERSION = 5.0;
				TARGETED_DEVICE_FAMILY = "1,2";
			};
			name = Release;
		};
/* End XCBuildConfiguration section */

/* Begin XCConfigurationList section */
		A23D16FD27B293C200AC4DA8 /* Build configuration list for PBXProject "IslandCook" */ = {
			isa = XCConfigurationList;
			buildConfigurations = (
				A23D171427B293C200AC4DA8 /* Debug */,
				A23D171527B293C200AC4DA8 /* Release */,
			);
			defaultConfigurationIsVisible = 0;
			defaultConfigurationName = Release;
		};
		A23D171627B293C200AC4DA8 /* Build configuration list for PBXNativeTarget "IslandCook" */ = {
			isa = XCConfigurationList;
			buildConfigurations = (
				A23D171727B293C200AC4DA8 /* Debug */,
				A23D171827B293C200AC4DA8 /* Release */,
			);
			defaultConfigurationIsVisible = 0;
			defaultConfigurationName = Release;
		};
/* End XCConfigurationList section */

/* Begin XCVersionGroup section */
		873A0AC527B93020006F15E9 /* RecipeModel.xcdatamodeld */ = {
			isa = XCVersionGroup;
			children = (
				873A0AC627B93020006F15E9 /* RecipeModel.xcdatamodel */,
			);
			currentVersion = 873A0AC627B93020006F15E9 /* RecipeModel.xcdatamodel */;
			path = RecipeModel.xcdatamodeld;
			sourceTree = "<group>";
			versionGroupType = wrapper.xcdatamodel;
		};
/* End XCVersionGroup section */
	};
	rootObject = A23D16FA27B293C200AC4DA8 /* Project object */;
}
